
Microsoft Visual Studio Solution File, Format Version 12.00
# Visual Studio 14
VisualStudioVersion = 14.0.25420.1
MinimumVisualStudioVersion = 10.0.40219.1
Project("{FAE04EC0-301F-11D3-BF4B-00C04F79EFBC}") = "DAL", "DAL\DAL.csproj", "{FA600B7B-C860-4057-92BB-1B6F65CE037C}"
EndProject
Project("{FAE04EC0-301F-11D3-BF4B-00C04F79EFBC}") = "BAL", "BAL\BAL.csproj", "{2C80264B-B59C-466C-934D-CE72E61169CD}"
EndProject
Project("{FAE04EC0-301F-11D3-BF4B-00C04F79EFBC}") = "WebApp", "WebApp\WebApp.csproj", "{D2C5013C-ABDF-4194-9769-0D1F02FB8BB9}"
EndProject
Global
	GlobalSection(SolutionConfigurationPlatforms) = preSolution
		Debug|Any CPU = Debug|Any CPU
		Release|Any CPU = Release|Any CPU
	EndGlobalSection
	GlobalSection(ProjectConfigurationPlatforms) = postSolution
		{FA600B7B-C860-4057-92BB-1B6F65CE037C}.Debug|Any CPU.ActiveCfg = Debug|Any CPU
		{FA600B7B-C860-4057-92BB-1B6F65CE037C}.Debug|Any CPU.Build.0 = Debug|Any CPU
		{FA600B7B-C860-4057-92BB-1B6F65CE037C}.Release|Any CPU.ActiveCfg = Release|Any CPU
		{FA600B7B-C860-4057-92BB-1B6F65CE037C}.Release|Any CPU.Build.0 = Release|Any CPU
		{2C80264B-B59C-466C-934D-CE72E61169CD}.Debug|Any CPU.ActiveCfg = Debug|Any CPU
		{2C80264B-B59C-466C-934D-CE72E61169CD}.Debug|Any CPU.Build.0 = Debug|Any CPU
		{2C80264B-B59C-466C-934D-CE72E61169CD}.Release|Any CPU.ActiveCfg = Release|Any CPU
		{2C80264B-B59C-466C-934D-CE72E61169CD}.Release|Any CPU.Build.0 = Release|Any CPU
		{D2C5013C-ABDF-4194-9769-0D1F02FB8BB9}.Debug|Any CPU.ActiveCfg = Debug|Any CPU
		{D2C5013C-ABDF-4194-9769-0D1F02FB8BB9}.Debug|Any CPU.Build.0 = Debug|Any CPU
		{D2C5013C-ABDF-4194-9769-0D1F02FB8BB9}.Release|Any CPU.ActiveCfg = Release|Any CPU
		{D2C5013C-ABDF-4194-9769-0D1F02FB8BB9}.Release|Any CPU.Build.0 = Release|Any CPU
	EndGlobalSection
	GlobalSection(SolutionProperties) = preSolution
		HideSolutionNode = FALSE
	EndGlobalSection
EndGlobal
